
Microsoft Visual Studio Solution File, Format Version 12.00
# Visual Studio Version 16
VisualStudioVersion = 16.0.28729.10
MinimumVisualStudioVersion = 10.0.40219.1
Project("{FAE04EC0-301F-11D3-BF4B-00C04F79EFBC}") = "ClassPer2", "ClassPer2\ClassPer2.csproj", "{D06CCB49-42E6-43E0-8083-A1083A558601}"
EndProject
Global
	GlobalSection(SolutionConfigurationPlatforms) = preSolution
		Debug|Any CPU = Debug|Any CPU
		Release|Any CPU = Release|Any CPU
	EndGlobalSection
	GlobalSection(ProjectConfigurationPlatforms) = postSolution
		{D06CCB49-42E6-43E0-8083-A1083A558601}.Debug|Any CPU.ActiveCfg = Debug|Any CPU
		{D06CCB49-42E6-43E0-8083-A1083A558601}.Debug|Any CPU.Build.0 = Debug|Any CPU
		{D06CCB49-42E6-43E0-8083-A1083A558601}.Release|Any CPU.ActiveCfg = Release|Any CPU
		{D06CCB49-42E6-43E0-8083-A1083A558601}.Release|Any CPU.Build.0 = Release|Any CPU
	EndGlobalSection
	GlobalSection(SolutionProperties) = preSolution
		HideSolutionNode = FALSE
	EndGlobalSection
	GlobalSection(ExtensibilityGlobals) = postSolution
		SolutionGuid = {4A1C179D-FC3B-4787-BB9A-F4D78D13FC87}
	EndGlobalSection
EndGlobal
